// !$*UTF8*$!
{
	archiveVersion = 1;
	classes = {
	};
	objectVersion = 55;
	objects = {

/* Begin PBXBuildFile section */
		4942421C279085E900496C72 /* ItemTableView.swift in Sources */ = {isa = PBXBuildFile; fileRef = 4942421B279085E900496C72 /* ItemTableView.swift */; };
		49C81419278CB31200C96BF9 /* AppDelegate.swift in Sources */ = {isa = PBXBuildFile; fileRef = 49C81418278CB31200C96BF9 /* AppDelegate.swift */; };
		49C8141B278CB31200C96BF9 /* SceneDelegate.swift in Sources */ = {isa = PBXBuildFile; fileRef = 49C8141A278CB31200C96BF9 /* SceneDelegate.swift */; };
		49C81422278CB31700C96BF9 /* Assets.xcassets in Resources */ = {isa = PBXBuildFile; fileRef = 49C81421278CB31700C96BF9 /* Assets.xcassets */; };
		49C81425278CB31700C96BF9 /* LaunchScreen.storyboard in Resources */ = {isa = PBXBuildFile; fileRef = 49C81423278CB31700C96BF9 /* LaunchScreen.storyboard */; };
		49C8142D278CB32700C96BF9 /* TreeComponentViewController.swift in Sources */ = {isa = PBXBuildFile; fileRef = 49C8142C278CB32700C96BF9 /* TreeComponentViewController.swift */; };
		49C8142F278CB42900C96BF9 /* CategoryModels.swift in Sources */ = {isa = PBXBuildFile; fileRef = 49C8142E278CB42900C96BF9 /* CategoryModels.swift */; };
		49C81431278CB66300C96BF9 /* TaxonomyCell.swift in Sources */ = {isa = PBXBuildFile; fileRef = 49C81430278CB66300C96BF9 /* TaxonomyCell.swift */; };
		49C81437278CBD5400C96BF9 /* CategoryHeader.swift in Sources */ = {isa = PBXBuildFile; fileRef = 49C81436278CBD5400C96BF9 /* CategoryHeader.swift */; };
		49F81512278F4C8A00430E30 /* ItemsSectionModel.swift in Sources */ = {isa = PBXBuildFile; fileRef = 49F81511278F4C8A00430E30 /* ItemsSectionModel.swift */; };
		742BA99F27905C3900015B1A /* V2ViewController.swift in Sources */ = {isa = PBXBuildFile; fileRef = 742BA99E27905C3900015B1A /* V2ViewController.swift */; };
		742BA9A127905E2600015B1A /* ItemSectionCell.swift in Sources */ = {isa = PBXBuildFile; fileRef = 742BA9A027905E2600015B1A /* ItemSectionCell.swift */; };
/* End PBXBuildFile section */

/* Begin PBXFileReference section */
		4942421B279085E900496C72 /* ItemTableView.swift */ = {isa = PBXFileReference; lastKnownFileType = sourcecode.swift; path = ItemTableView.swift; sourceTree = "<group>"; };
		49C81415278CB31200C96BF9 /* TreeComponentIfood.app */ = {isa = PBXFileReference; explicitFileType = wrapper.application; includeInIndex = 0; path = TreeComponentIfood.app; sourceTree = BUILT_PRODUCTS_DIR; };
		49C81418278CB31200C96BF9 /* AppDelegate.swift */ = {isa = PBXFileReference; lastKnownFileType = sourcecode.swift; path = AppDelegate.swift; sourceTree = "<group>"; };
		49C8141A278CB31200C96BF9 /* SceneDelegate.swift */ = {isa = PBXFileReference; lastKnownFileType = sourcecode.swift; path = SceneDelegate.swift; sourceTree = "<group>"; };
		49C81421278CB31700C96BF9 /* Assets.xcassets */ = {isa = PBXFileReference; lastKnownFileType = folder.assetcatalog; path = Assets.xcassets; sourceTree = "<group>"; };
		49C81424278CB31700C96BF9 /* Base */ = {isa = PBXFileReference; lastKnownFileType = file.storyboard; name = Base; path = Base.lproj/LaunchScreen.storyboard; sourceTree = "<group>"; };
		49C81426278CB31700C96BF9 /* Info.plist */ = {isa = PBXFileReference; lastKnownFileType = text.plist.xml; path = Info.plist; sourceTree = "<group>"; };
		49C8142C278CB32700C96BF9 /* TreeComponentViewController.swift */ = {isa = PBXFileReference; lastKnownFileType = sourcecode.swift; path = TreeComponentViewController.swift; sourceTree = "<group>"; };
		49C8142E278CB42900C96BF9 /* CategoryModels.swift */ = {isa = PBXFileReference; lastKnownFileType = sourcecode.swift; path = CategoryModels.swift; sourceTree = "<group>"; };
		49C81430278CB66300C96BF9 /* TaxonomyCell.swift */ = {isa = PBXFileReference; lastKnownFileType = sourcecode.swift; path = TaxonomyCell.swift; sourceTree = "<group>"; };
		49C81436278CBD5400C96BF9 /* CategoryHeader.swift */ = {isa = PBXFileReference; lastKnownFileType = sourcecode.swift; path = CategoryHeader.swift; sourceTree = "<group>"; };
		49F81511278F4C8A00430E30 /* ItemsSectionModel.swift */ = {isa = PBXFileReference; lastKnownFileType = sourcecode.swift; path = ItemsSectionModel.swift; sourceTree = "<group>"; };
		742BA99E27905C3900015B1A /* V2ViewController.swift */ = {isa = PBXFileReference; lastKnownFileType = sourcecode.swift; path = V2ViewController.swift; sourceTree = "<group>"; };
		742BA9A027905E2600015B1A /* ItemSectionCell.swift */ = {isa = PBXFileReference; lastKnownFileType = sourcecode.swift; path = ItemSectionCell.swift; sourceTree = "<group>"; };
/* End PBXFileReference section */

/* Begin PBXFrameworksBuildPhase section */
		49C81412278CB31200C96BF9 /* Frameworks */ = {
			isa = PBXFrameworksBuildPhase;
			buildActionMask = 2147483647;
			files = (
			);
			runOnlyForDeploymentPostprocessing = 0;
		};
/* End PBXFrameworksBuildPhase section */

/* Begin PBXGroup section */
		49C8140C278CB31200C96BF9 = {
			isa = PBXGroup;
			children = (
				49C81417278CB31200C96BF9 /* TreeComponentIfood */,
				49C81416278CB31200C96BF9 /* Products */,
			);
			sourceTree = "<group>";
		};
		49C81416278CB31200C96BF9 /* Products */ = {
			isa = PBXGroup;
			children = (
				49C81415278CB31200C96BF9 /* TreeComponentIfood.app */,
			);
			name = Products;
			sourceTree = "<group>";
		};
		49C81417278CB31200C96BF9 /* TreeComponentIfood */ = {
			isa = PBXGroup;
			children = (
				742BA99D27905C2400015B1A /* V2 */,
				742BA99C27905C0E00015B1A /* V1 */,
				49C81418278CB31200C96BF9 /* AppDelegate.swift */,
				49C8141A278CB31200C96BF9 /* SceneDelegate.swift */,
				49C81421278CB31700C96BF9 /* Assets.xcassets */,
				49C81423278CB31700C96BF9 /* LaunchScreen.storyboard */,
				49C81426278CB31700C96BF9 /* Info.plist */,
			);
			path = TreeComponentIfood;
			sourceTree = "<group>";
		};
		742BA99C27905C0E00015B1A /* V1 */ = {
			isa = PBXGroup;
			children = (
				49C8142C278CB32700C96BF9 /* TreeComponentViewController.swift */,
				49C8142E278CB42900C96BF9 /* CategoryModels.swift */,
				49C81430278CB66300C96BF9 /* TaxonomyCell.swift */,
				49C81436278CBD5400C96BF9 /* CategoryHeader.swift */,
				49F81511278F4C8A00430E30 /* ItemsSectionModel.swift */,
			);
			path = V1;
			sourceTree = "<group>";
		};
		742BA99D27905C2400015B1A /* V2 */ = {
			isa = PBXGroup;
			children = (
				742BA99E27905C3900015B1A /* V2ViewController.swift */,
				742BA9A027905E2600015B1A /* ItemSectionCell.swift */,
				4942421B279085E900496C72 /* ItemTableView.swift */,
			);
			path = V2;
			sourceTree = "<group>";
		};
/* End PBXGroup section */

/* Begin PBXNativeTarget section */
		49C81414278CB31200C96BF9 /* TreeComponentIfood */ = {
			isa = PBXNativeTarget;
			buildConfigurationList = 49C81429278CB31700C96BF9 /* Build configuration list for PBXNativeTarget "TreeComponentIfood" */;
			buildPhases = (
				49C81411278CB31200C96BF9 /* Sources */,
				49C81412278CB31200C96BF9 /* Frameworks */,
				49C81413278CB31200C96BF9 /* Resources */,
			);
			buildRules = (
			);
			dependencies = (
			);
			name = TreeComponentIfood;
			productName = TreeComponentIfood;
			productReference = 49C81415278CB31200C96BF9 /* TreeComponentIfood.app */;
			productType = "com.apple.product-type.application";
		};
/* End PBXNativeTarget section */

/* Begin PBXProject section */
		49C8140D278CB31200C96BF9 /* Project object */ = {
			isa = PBXProject;
			attributes = {
				BuildIndependentTargetsInParallel = 1;
				LastSwiftUpdateCheck = 1310;
				LastUpgradeCheck = 1310;
				TargetAttributes = {
					49C81414278CB31200C96BF9 = {
						CreatedOnToolsVersion = 13.1;
					};
				};
			};
			buildConfigurationList = 49C81410278CB31200C96BF9 /* Build configuration list for PBXProject "TreeComponentIfood" */;
			compatibilityVersion = "Xcode 13.0";
			developmentRegion = en;
			hasScannedForEncodings = 0;
			knownRegions = (
				en,
				Base,
			);
			mainGroup = 49C8140C278CB31200C96BF9;
			productRefGroup = 49C81416278CB31200C96BF9 /* Products */;
			projectDirPath = "";
			projectRoot = "";
			targets = (
				49C81414278CB31200C96BF9 /* TreeComponentIfood */,
			);
		};
/* End PBXProject section */

/* Begin PBXResourcesBuildPhase section */
		49C81413278CB31200C96BF9 /* Resources */ = {
			isa = PBXResourcesBuildPhase;
			buildActionMask = 2147483647;
			files = (
				49C81425278CB31700C96BF9 /* LaunchScreen.storyboard in Resources */,
				49C81422278CB31700C96BF9 /* Assets.xcassets in Resources */,
			);
			runOnlyForDeploymentPostprocessing = 0;
		};
/* End PBXResourcesBuildPhase section */

/* Begin PBXSourcesBuildPhase section */
		49C81411278CB31200C96BF9 /* Sources */ = {
			isa = PBXSourcesBuildPhase;
			buildActionMask = 2147483647;
			files = (
				742BA99F27905C3900015B1A /* V2ViewController.swift in Sources */,
				49C81419278CB31200C96BF9 /* AppDelegate.swift in Sources */,
				49C8142F278CB42900C96BF9 /* CategoryModels.swift in Sources */,
				49C81437278CBD5400C96BF9 /* CategoryHeader.swift in Sources */,
				49C8142D278CB32700C96BF9 /* TreeComponentViewController.swift in Sources */,
				49F81512278F4C8A00430E30 /* ItemsSectionModel.swift in Sources */,
				49C81431278CB66300C96BF9 /* TaxonomyCell.swift in Sources */,
				49C8141B278CB31200C96BF9 /* SceneDelegate.swift in Sources */,
				742BA9A127905E2600015B1A /* ItemSectionCell.swift in Sources */,
				4942421C279085E900496C72 /* ItemTableView.swift in Sources */,
			);
			runOnlyForDeploymentPostprocessing = 0;
		};
/* End PBXSourcesBuildPhase section */

/* Begin PBXVariantGroup section */
		49C81423278CB31700C96BF9 /* LaunchScreen.storyboard */ = {
			isa = PBXVariantGroup;
			children = (
				49C81424278CB31700C96BF9 /* Base */,
			);
			name = LaunchScreen.storyboard;
			sourceTree = "<group>";
		};
/* End PBXVariantGroup section */

/* Begin XCBuildConfiguration section */
		49C81427278CB31700C96BF9 /* Debug */ = {
			isa = XCBuildConfiguration;
			buildSettings = {
				ALWAYS_SEARCH_USER_PATHS = NO;
				CLANG_ANALYZER_NONNULL = YES;
				CLANG_ANALYZER_NUMBER_OBJECT_CONVERSION = YES_AGGRESSIVE;
				CLANG_CXX_LANGUAGE_STANDARD = "gnu++17";
				CLANG_CXX_LIBRARY = "libc++";
				CLANG_ENABLE_MODULES = YES;
				CLANG_ENABLE_OBJC_ARC = YES;
				CLANG_ENABLE_OBJC_WEAK = YES;
				CLANG_WARN_BLOCK_CAPTURE_AUTORELEASING = YES;
				CLANG_WARN_BOOL_CONVERSION = YES;
				CLANG_WARN_COMMA = YES;
				CLANG_WARN_CONSTANT_CONVERSION = YES;
				CLANG_WARN_DEPRECATED_OBJC_IMPLEMENTATIONS = YES;
				CLANG_WARN_DIRECT_OBJC_ISA_USAGE = YES_ERROR;
				CLANG_WARN_DOCUMENTATION_COMMENTS = YES;
				CLANG_WARN_EMPTY_BODY = YES;
				CLANG_WARN_ENUM_CONVERSION = YES;
				CLANG_WARN_INFINITE_RECURSION = YES;
				CLANG_WARN_INT_CONVERSION = YES;
				CLANG_WARN_NON_LITERAL_NULL_CONVERSION = YES;
				CLANG_WARN_OBJC_IMPLICIT_RETAIN_SELF = YES;
				CLANG_WARN_OBJC_LITERAL_CONVERSION = YES;
				CLANG_WARN_OBJC_ROOT_CLASS = YES_ERROR;
				CLANG_WARN_QUOTED_INCLUDE_IN_FRAMEWORK_HEADER = YES;
				CLANG_WARN_RANGE_LOOP_ANALYSIS = YES;
				CLANG_WARN_STRICT_PROTOTYPES = YES;
				CLANG_WARN_SUSPICIOUS_MOVE = YES;
				CLANG_WARN_UNGUARDED_AVAILABILITY = YES_AGGRESSIVE;
				CLANG_WARN_UNREACHABLE_CODE = YES;
				CLANG_WARN__DUPLICATE_METHOD_MATCH = YES;
				COPY_PHASE_STRIP = NO;
				DEBUG_INFORMATION_FORMAT = dwarf;
				ENABLE_STRICT_OBJC_MSGSEND = YES;
				ENABLE_TESTABILITY = YES;
				GCC_C_LANGUAGE_STANDARD = gnu11;
				GCC_DYNAMIC_NO_PIC = NO;
				GCC_NO_COMMON_BLOCKS = YES;
				GCC_OPTIMIZATION_LEVEL = 0;
				GCC_PREPROCESSOR_DEFINITIONS = (
					"DEBUG=1",
					"$(inherited)",
				);
				GCC_WARN_64_TO_32_BIT_CONVERSION = YES;
				GCC_WARN_ABOUT_RETURN_TYPE = YES_ERROR;
				GCC_WARN_UNDECLARED_SELECTOR = YES;
				GCC_WARN_UNINITIALIZED_AUTOS = YES_AGGRESSIVE;
				GCC_WARN_UNUSED_FUNCTION = YES;
				GCC_WARN_UNUSED_VARIABLE = YES;
				IPHONEOS_DEPLOYMENT_TARGET = 15.0;
				MTL_ENABLE_DEBUG_INFO = INCLUDE_SOURCE;
				MTL_FAST_MATH = YES;
				ONLY_ACTIVE_ARCH = YES;
				SDKROOT = iphoneos;
				SWIFT_ACTIVE_COMPILATION_CONDITIONS = DEBUG;
				SWIFT_OPTIMIZATION_LEVEL = "-Onone";
			};
			name = Debug;
		};
		49C81428278CB31700C96BF9 /* Release */ = {
			isa = XCBuildConfiguration;
			buildSettings = {
				ALWAYS_SEARCH_USER_PATHS = NO;
				CLANG_ANALYZER_NONNULL = YES;
				CLANG_ANALYZER_NUMBER_OBJECT_CONVERSION = YES_AGGRESSIVE;
				CLANG_CXX_LANGUAGE_STANDARD = "gnu++17";
				CLANG_CXX_LIBRARY = "libc++";
				CLANG_ENABLE_MODULES = YES;
				CLANG_ENABLE_OBJC_ARC = YES;
				CLANG_ENABLE_OBJC_WEAK = YES;
				CLANG_WARN_BLOCK_CAPTURE_AUTORELEASING = YES;
				CLANG_WARN_BOOL_CONVERSION = YES;
				CLANG_WARN_COMMA = YES;
				CLANG_WARN_CONSTANT_CONVERSION = YES;
				CLANG_WARN_DEPRECATED_OBJC_IMPLEMENTATIONS = YES;
				CLANG_WARN_DIRECT_OBJC_ISA_USAGE = YES_ERROR;
				CLANG_WARN_DOCUMENTATION_COMMENTS = YES;
				CLANG_WARN_EMPTY_BODY = YES;
				CLANG_WARN_ENUM_CONVERSION = YES;
				CLANG_WARN_INFINITE_RECURSION = YES;
				CLANG_WARN_INT_CONVERSION = YES;
				CLANG_WARN_NON_LITERAL_NULL_CONVERSION = YES;
				CLANG_WARN_OBJC_IMPLICIT_RETAIN_SELF = YES;
				CLANG_WARN_OBJC_LITERAL_CONVERSION = YES;
				CLANG_WARN_OBJC_ROOT_CLASS = YES_ERROR;
				CLANG_WARN_QUOTED_INCLUDE_IN_FRAMEWORK_HEADER = YES;
				CLANG_WARN_RANGE_LOOP_ANALYSIS = YES;
				CLANG_WARN_STRICT_PROTOTYPES = YES;
				CLANG_WARN_SUSPICIOUS_MOVE = YES;
				CLANG_WARN_UNGUARDED_AVAILABILITY = YES_AGGRESSIVE;
				CLANG_WARN_UNREACHABLE_CODE = YES;
				CLANG_WARN__DUPLICATE_METHOD_MATCH = YES;
				COPY_PHASE_STRIP = NO;
				DEBUG_INFORMATION_FORMAT = "dwarf-with-dsym";
				ENABLE_NS_ASSERTIONS = NO;
				ENABLE_STRICT_OBJC_MSGSEND = YES;
				GCC_C_LANGUAGE_STANDARD = gnu11;
				GCC_NO_COMMON_BLOCKS = YES;
				GCC_WARN_64_TO_32_BIT_CONVERSION = YES;
				GCC_WARN_ABOUT_RETURN_TYPE = YES_ERROR;
				GCC_WARN_UNDECLARED_SELECTOR = YES;
				GCC_WARN_UNINITIALIZED_AUTOS = YES_AGGRESSIVE;
				GCC_WARN_UNUSED_FUNCTION = YES;
				GCC_WARN_UNUSED_VARIABLE = YES;
				IPHONEOS_DEPLOYMENT_TARGET = 15.0;
				MTL_ENABLE_DEBUG_INFO = NO;
				MTL_FAST_MATH = YES;
				SDKROOT = iphoneos;
				SWIFT_COMPILATION_MODE = wholemodule;
				SWIFT_OPTIMIZATION_LEVEL = "-O";
				VALIDATE_PRODUCT = YES;
			};
			name = Release;
		};
		49C8142A278CB31700C96BF9 /* Debug */ = {
			isa = XCBuildConfiguration;
			buildSettings = {
				ASSETCATALOG_COMPILER_APPICON_NAME = AppIcon;
				ASSETCATALOG_COMPILER_GLOBAL_ACCENT_COLOR_NAME = AccentColor;
				CODE_SIGN_STYLE = Automatic;
				CURRENT_PROJECT_VERSION = 1;
				GENERATE_INFOPLIST_FILE = YES;
				INFOPLIST_FILE = TreeComponentIfood/Info.plist;
				INFOPLIST_KEY_UIApplicationSupportsIndirectInputEvents = YES;
				INFOPLIST_KEY_UILaunchStoryboardName = LaunchScreen;
				INFOPLIST_KEY_UISupportedInterfaceOrientations_iPad = "UIInterfaceOrientationPortrait UIInterfaceOrientationPortraitUpsideDown UIInterfaceOrientationLandscapeLeft UIInterfaceOrientationLandscapeRight";
				INFOPLIST_KEY_UISupportedInterfaceOrientations_iPhone = "UIInterfaceOrientationPortrait UIInterfaceOrientationLandscapeLeft UIInterfaceOrientationLandscapeRight";
				LD_RUNPATH_SEARCH_PATHS = (
					"$(inherited)",
					"@executable_path/Frameworks",
				);
				MARKETING_VERSION = 1.0;
				PRODUCT_BUNDLE_IDENTIFIER = com.ifood.TreeComponentIfood;
				PRODUCT_NAME = "$(TARGET_NAME)";
				SWIFT_EMIT_LOC_STRINGS = YES;
				SWIFT_VERSION = 5.0;
				TARGETED_DEVICE_FAMILY = "1,2";
			};
			name = Debug;
		};
		49C8142B278CB31700C96BF9 /* Release */ = {
			isa = XCBuildConfiguration;
			buildSettings = {
				ASSETCATALOG_COMPILER_APPICON_NAME = AppIcon;
				ASSETCATALOG_COMPILER_GLOBAL_ACCENT_COLOR_NAME = AccentColor;
				CODE_SIGN_STYLE = Automatic;
				CURRENT_PROJECT_VERSION = 1;
				GENERATE_INFOPLIST_FILE = YES;
				INFOPLIST_FILE = TreeComponentIfood/Info.plist;
				INFOPLIST_KEY_UIApplicationSupportsIndirectInputEvents = YES;
				INFOPLIST_KEY_UILaunchStoryboardName = LaunchScreen;
				INFOPLIST_KEY_UISupportedInterfaceOrientations_iPad = "UIInterfaceOrientationPortrait UIInterfaceOrientationPortraitUpsideDown UIInterfaceOrientationLandscapeLeft UIInterfaceOrientationLandscapeRight";
				INFOPLIST_KEY_UISupportedInterfaceOrientations_iPhone = "UIInterfaceOrientationPortrait UIInterfaceOrientationLandscapeLeft UIInterfaceOrientationLandscapeRight";
				LD_RUNPATH_SEARCH_PATHS = (
					"$(inherited)",
					"@executable_path/Frameworks",
				);
				MARKETING_VERSION = 1.0;
				PRODUCT_BUNDLE_IDENTIFIER = com.ifood.TreeComponentIfood;
				PRODUCT_NAME = "$(TARGET_NAME)";
				SWIFT_EMIT_LOC_STRINGS = YES;
				SWIFT_VERSION = 5.0;
				TARGETED_DEVICE_FAMILY = "1,2";
			};
			name = Release;
		};
/* End XCBuildConfiguration section */

/* Begin XCConfigurationList section */
		49C81410278CB31200C96BF9 /* Build configuration list for PBXProject "TreeComponentIfood" */ = {
			isa = XCConfigurationList;
			buildConfigurations = (
				49C81427278CB31700C96BF9 /* Debug */,
				49C81428278CB31700C96BF9 /* Release */,
			);
			defaultConfigurationIsVisible = 0;
			defaultConfigurationName = Release;
		};
		49C81429278CB31700C96BF9 /* Build configuration list for PBXNativeTarget "TreeComponentIfood" */ = {
			isa = XCConfigurationList;
			buildConfigurations = (
				49C8142A278CB31700C96BF9 /* Debug */,
				49C8142B278CB31700C96BF9 /* Release */,
			);
			defaultConfigurationIsVisible = 0;
			defaultConfigurationName = Release;
		};
/* End XCConfigurationList section */
	};
	rootObject = 49C8140D278CB31200C96BF9 /* Project object */;
}
